
Microsoft Visual Studio Solution File, Format Version 12.00
# Visual Studio Version 17
VisualStudioVersion = 17.9.34607.119
MinimumVisualStudioVersion = 10.0.40219.1
Project("{2150E333-8FDC-42A3-9474-1A3956D46DE8}") = "src", "src", "{645BA2CF-F2A0-43B8-A133-254CEBDF9051}"
EndProject
Project("{2150E333-8FDC-42A3-9474-1A3956D46DE8}") = "Framework", "Framework", "{E4395562-331D-4AB0-ABDD-2DD70CC91C77}"
EndProject
Project("{2150E333-8FDC-42A3-9474-1A3956D46DE8}") = "Infrastructure", "Infrastructure", "{E53ED460-6792-407B-94D6-077255B18598}"
EndProject
Project("{2150E333-8FDC-42A3-9474-1A3956D46DE8}") = "WebApi", "WebApi", "{581E3197-D5BC-4FF6-9FA6-AB81F3C4A5A6}"
EndProject
Project("{2150E333-8FDC-42A3-9474-1A3956D46DE8}") = "Shared", "Shared", "{210D67E1-55AA-43B0-B927-947E688FD16F}"
EndProject
Project("{9A19103F-16F7-4668-BE54-9A1E7A4F7556}") = "CleanArchitecture.Constants", "src\Shared\CleanArchitecture.Constants\CleanArchitecture.Constants.csproj", "{FE7790BF-266F-412C-A7F3-8D6859804B1B}"
EndProject
Project("{9A19103F-16F7-4668-BE54-9A1E7A4F7556}") = "CleanArchitecture.Shared", "src\Shared\CleanArchitecture.Shared\CleanArchitecture.Shared.csproj", "{A8A27005-81A3-4656-82AB-10A231C7E044}"
EndProject
Project("{9A19103F-16F7-4668-BE54-9A1E7A4F7556}") = "Framework.Persistence", "src\Framework\Framework.Persistence\Framework.Persistence.csproj", "{BEA60A5E-84F4-4120-BD28-A1D09F04DE87}"
EndProject
Project("{9A19103F-16F7-4668-BE54-9A1E7A4F7556}") = "Framework.Logging", "src\Framework\Framework.Logging\Framework.Logging.csproj", "{0AC35F4F-7B34-4DFB-975F-13C11F4D5C9B}"
EndProject
Project("{9A19103F-16F7-4668-BE54-9A1E7A4F7556}") = "Framework.Scheduling", "src\Framework\Framework.Scheduling\Framework.Scheduling.csproj", "{8D7967C9-B774-493B-B3C5-DF711F31326C}"
EndProject
Project("{9A19103F-16F7-4668-BE54-9A1E7A4F7556}") = "Framework.DependencyInjection", "src\Framework\Framework.DependencyInjection\Framework.DependencyInjection.csproj", "{B77D19DF-71FF-4FD1-BA49-BDEB3A8F01E4}"
EndProject
Project("{2150E333-8FDC-42A3-9474-1A3956D46DE8}") = "CommoditySystem", "CommoditySystem", "{51FDF113-0819-4AFA-B6FB-E275F95E99AE}"
EndProject
Project("{9A19103F-16F7-4668-BE54-9A1E7A4F7556}") = "Infrastructure.CommoditySystem", "src\Infrastructure\CommoditySystem\Infrastructure.CommoditySystem\Infrastructure.CommoditySystem.csproj", "{B54DC689-DE62-427E-A2C9-AA3993A709E7}"
EndProject
Project("{9A19103F-16F7-4668-BE54-9A1E7A4F7556}") = "CleanArchitecture.Actors", "src\Shared\CleanArchitecture.Actors\CleanArchitecture.Actors.csproj", "{5C4F320F-116D-4BEF-B04C-BC76873BE854}"
EndProject
Project("{9A19103F-16F7-4668-BE54-9A1E7A4F7556}") = "CleanArchitecture.Authorization", "src\Shared\CleanArchitecture.Authorization\CleanArchitecture.Authorization.csproj", "{4086791F-E98F-4C8F-A5FD-A34CA1880883}"
EndProject
Project("{9A19103F-16F7-4668-BE54-9A1E7A4F7556}") = "CleanArchitecture.Mediator", "src\Shared\CleanArchitecture.Mediator\CleanArchitecture.Mediator.csproj", "{A935A5A9-BF00-43CC-A4E6-270873F61988}"
EndProject
Project("{9A19103F-16F7-4668-BE54-9A1E7A4F7556}") = "Framework.Utilities", "src\Framework\Framework.Utilities\Framework.Utilities.csproj", "{86D6EA56-1791-4709-A0EF-677DD02D47B4}"
EndProject
Project("{9A19103F-16F7-4668-BE54-9A1E7A4F7556}") = "Framework.Exceptions", "src\Framework\Framework.Exceptions\Framework.Exceptions.csproj", "{602C3060-6776-44F8-BB64-54B0E0D87137}"
EndProject
Project("{9A19103F-16F7-4668-BE54-9A1E7A4F7556}") = "Framework.DomainRules", "src\Framework\Framework.DomainRules\Framework.DomainRules.csproj", "{0004DFDF-ACDE-4484-BA2F-FA213D37B92B}"
EndProject
Project("{9A19103F-16F7-4668-BE54-9A1E7A4F7556}") = "Framework.Results", "src\Framework\Framework.Results\Framework.Results.csproj", "{B8A9772C-087D-443D-8C6E-4C3F49B39A78}"
EndProject
Project("{9A19103F-16F7-4668-BE54-9A1E7A4F7556}") = "Framework.Cap", "src\Framework\Framework.Cap\Framework.Cap.csproj", "{67BD16BF-0A6E-4D91-BBAC-1DCE66D018DC}"
EndProject
Project("{9A19103F-16F7-4668-BE54-9A1E7A4F7556}") = "Framework.Domain", "src\Framework\Framework.Domain\Framework.Domain.csproj", "{26D7E37D-69E3-4FDC-AFCE-4F0080BEDF09}"
EndProject
Project("{9A19103F-16F7-4668-BE54-9A1E7A4F7556}") = "Framework.Queries", "src\Framework\Framework.Queries\Framework.Queries.csproj", "{4F814755-FF7E-417A-81C3-73C00F24755D}"
EndProject
Project("{9A19103F-16F7-4668-BE54-9A1E7A4F7556}") = "Framework.Commands", "src\Framework\Framework.Commands\Framework.Commands.csproj", "{799E96B2-1FEA-4383-BB7D-DA499D9F002F}"
EndProject
Project("{9A19103F-16F7-4668-BE54-9A1E7A4F7556}") = "Framework.Application", "src\Framework\Framework.Application\Framework.Application.csproj", "{B5A0CD2B-AD29-4F2A-A420-4F96406B9F78}"
EndProject
Project("{9A19103F-16F7-4668-BE54-9A1E7A4F7556}") = "Infrastructure.CommoditySystem.Contract", "src\Infrastructure\CommoditySystem\Infrastructure.CommoditySystem.Contract\Infrastructure.CommoditySystem.Contract.csproj", "{C430C7F0-13B6-4499-A134-270054BCFB6A}"
EndProject
Project("{9A19103F-16F7-4668-BE54-9A1E7A4F7556}") = "Framework.Threading", "src\Framework\Framework.Threading\Framework.Threading.csproj", "{5D2F8906-4BC5-4D5C-A0C8-54E157681DF1}"
EndProject
Project("{9A19103F-16F7-4668-BE54-9A1E7A4F7556}") = "Framework.Collections", "src\Framework\Framework.Collections\Framework.Collections.csproj", "{B3AEE2C4-1205-41B3-A971-86A353A9C0DB}"
EndProject
Project("{9A19103F-16F7-4668-BE54-9A1E7A4F7556}") = "Framework.Security", "src\Framework\Framework.Security\Framework.Security.csproj", "{6039D7A0-942A-4A59-B9A0-936167205D55}"
EndProject
Project("{9A19103F-16F7-4668-BE54-9A1E7A4F7556}") = "Framework.MassTransit", "src\Framework\Framework.MassTransit\Framework.MassTransit.csproj", "{AF90DCE1-CFAD-4046-B728-4FA809DA36DA}"
EndProject
Project("{2150E333-8FDC-42A3-9474-1A3956D46DE8}") = "Administration", "Administration", "{DA373DF4-3114-4D36-A7ED-85C1B87E796F}"
EndProject
Project("{2150E333-8FDC-42A3-9474-1A3956D46DE8}") = "Solution Items", "Solution Items", "{329F1040-62D7-448F-BDEC-B3EA81B0C883}"
	ProjectSection(SolutionItems) = preProject
		.editorconfig = .editorconfig
		SampleTokens.txt = SampleTokens.txt
		Tasks.txt = Tasks.txt
	EndProjectSection
EndProject
Project("{9A19103F-16F7-4668-BE54-9A1E7A4F7556}") = "CleanArchitecture.Administration.DbMigrationApp", "src\Administration\CleanArchitecture.Administration.DbMigrationApp\CleanArchitecture.Administration.DbMigrationApp.csproj", "{1C84BC98-6919-4130-A818-91936086D2B0}"
EndProject
Project("{9A19103F-16F7-4668-BE54-9A1E7A4F7556}") = "CleanArchitecture.WebApi", "src\WebApi\CleanArchitecture.WebApi\CleanArchitecture.WebApi.csproj", "{3F632F11-0F77-4AAC-9420-388D259559E4}"
EndProject
Project("{9A19103F-16F7-4668-BE54-9A1E7A4F7556}") = "CleanArchitecture.WebApi.Shared", "src\WebApi\CleanArchitecture.WebApi.Shared\CleanArchitecture.WebApi.Shared.csproj", "{3D2FBBB7-C079-4C1C-801A-24B40C947C4C}"
EndProject
Project("{9A19103F-16F7-4668-BE54-9A1E7A4F7556}") = "Framework.WebApi", "src\Framework\Framework.WebApi\Framework.WebApi.csproj", "{80F22B23-FEDE-46CE-8630-95BACC8A5F5A}"
EndProject
Project("{9A19103F-16F7-4668-BE54-9A1E7A4F7556}") = "Framework.Mediator", "src\Framework\Framework.Mediator\Framework.Mediator.csproj", "{AB36E42D-EFEE-4CFB-8AB5-C1FD3DE56D6E}"
EndProject
Project("{9A19103F-16F7-4668-BE54-9A1E7A4F7556}") = "Framework.Validation", "src\Framework\Framework.Validation\Framework.Validation.csproj", "{A51D03B5-9326-4505-A645-583A4FE665D6}"
EndProject
Project("{FAE04EC0-301F-11D3-BF4B-00C04F79EFBC}") = "CleanArchitecture.Mediator.Middlewares", "src\Shared\CleanArchitecture.Mediator.Middlewares\CleanArchitecture.Mediator.Middlewares.csproj", "{E037580B-B461-43C8-994B-6A756F31287E}"
EndProject
Project("{FAE04EC0-301F-11D3-BF4B-00C04F79EFBC}") = "CleanArchitecture.Administration.DebugApp", "src\Administration\CleanArchitecture.Administration.DebugApp\CleanArchitecture.Administration.DebugApp.csproj", "{E98308C3-C2C9-47E3-97BF-7CEBA2720A10}"
EndProject
Project("{FAE04EC0-301F-11D3-BF4B-00C04F79EFBC}") = "Framework.Json", "src\Framework\Framework.Json\Framework.Json.csproj", "{333FBA94-AA9E-484E-ACE7-55F27AA6415F}"
EndProject
Project("{2150E333-8FDC-42A3-9474-1A3956D46DE8}") = "test", "test", "{3C016221-1DE4-4D2C-B251-383FDDD9C71C}"
EndProject
Project("{FAE04EC0-301F-11D3-BF4B-00C04F79EFBC}") = "CleanArchitecture.IntegrationTests", "test\CleanArchitecture.IntegrationTests\CleanArchitecture.IntegrationTests.csproj", "{E8CA8CEC-15FA-4039-B53E-E08339D3A210}"
EndProject
Project("{FAE04EC0-301F-11D3-BF4B-00C04F79EFBC}") = "CleanArchitecture.Administration.HostedDebugApp", "src\Administration\CleanArchitecture.Administration.HostedDebugApp\CleanArchitecture.Administration.HostedDebugApp.csproj", "{ED6DF0D4-CD5D-4FBF-9E71-C6A93D50F4CA}"
EndProject
Project("{FAE04EC0-301F-11D3-BF4B-00C04F79EFBC}") = "Framework.ProcessManager", "src\Framework\Framework.ProcessManager\Framework.ProcessManager.csproj", "{EACB7424-17EC-403E-BA37-637F22BAC832}"
EndProject
Project("{2150E333-8FDC-42A3-9474-1A3956D46DE8}") = "RequestAudit", "RequestAudit", "{4947F540-F2DF-49B3-ADA7-B9F0C49803A4}"
EndProject
Project("{FAE04EC0-301F-11D3-BF4B-00C04F79EFBC}") = "Infrastructure.RequestAudit", "src\Infrastructure\RequestAudit\Infrastructure.RequestAudit\Infrastructure.RequestAudit.csproj", "{9B1B6BBC-2001-4F23-A1D8-40C391CF5A62}"
EndProject
Project("{FAE04EC0-301F-11D3-BF4B-00C04F79EFBC}") = "EncryptionApp", "src\Administration\EncryptionApp\EncryptionApp.csproj", "{0F0AC36D-DF48-4170-B635-5C9B5BC0F469}"
EndProject
Project("{FAE04EC0-301F-11D3-BF4B-00C04F79EFBC}") = "CleanArchitecture.WebApi.OData", "src\WebApi\CleanArchitecture.WebApi.OData\CleanArchitecture.WebApi.OData.csproj", "{554189DA-AB7A-44F7-9BDB-662421FCD433}"
EndProject
Project("{FAE04EC0-301F-11D3-BF4B-00C04F79EFBC}") = "Infrastructure.CommoditySystem.Mock", "src\Infrastructure\CommoditySystem\Infrastructure.CommoditySystem.Mock\Infrastructure.CommoditySystem.Mock.csproj", "{D7F9DA33-A6CC-4195-9071-A994B96ABA7B}"
EndProject
Project("{FAE04EC0-301F-11D3-BF4B-00C04F79EFBC}") = "Framework.Test", "src\Framework\Framework.Test\Framework.Test.csproj", "{F4CE41DA-B79E-4581-92C3-D07A01CBF091}"
EndProject
Project("{2150E333-8FDC-42A3-9474-1A3956D46DE8}") = "Configuration", "Configuration", "{AFA29777-30FF-406D-8404-B6A5EAE89D4C}"
EndProject
Project("{FAE04EC0-301F-11D3-BF4B-00C04F79EFBC}") = "CleanArchitecture.Configurations", "src\Configuration\CleanArchitecture.Configurations\CleanArchitecture.Configurations.csproj", "{1AB5EBAC-37A5-4FD7-8BEC-70F5EFC527BB}"
EndProject
Project("{FAE04EC0-301F-11D3-BF4B-00C04F79EFBC}") = "CleanArchitecture.Options", "src\Configuration\CleanArchitecture.Options\CleanArchitecture.Options.csproj", "{DF819600-174E-4F63-AD01-E8C00BECD81C}"
EndProject
Project("{FAE04EC0-301F-11D3-BF4B-00C04F79EFBC}") = "CleanArchitecture.Secrets", "src\Configuration\CleanArchitecture.Secrets\CleanArchitecture.Secrets.csproj", "{88FBFF9D-FD90-4DFF-B4C7-09AB33E2B1DC}"
EndProject
Project("{FAE04EC0-301F-11D3-BF4B-00C04F79EFBC}") = "CleanArchitecture.ServicesConfigurations", "src\Configuration\CleanArchitecture.ServicesConfigurations\CleanArchitecture.ServicesConfigurations.csproj", "{96F85FCA-6C27-4D2B-AFC2-130CA6E17F21}"
EndProject
Project("{2150E333-8FDC-42A3-9474-1A3956D46DE8}") = "Integration", "Integration", "{9E942061-9093-4C0A-8B8A-6A18F0B7A9C2}"
EndProject
Project("{FAE04EC0-301F-11D3-BF4B-00C04F79EFBC}") = "CleanArchitecture.BackgroundServices", "src\Integration\CleanArchitecture.BackgroundServices\CleanArchitecture.BackgroundServices.csproj", "{9F933D07-55DF-4B5B-9B4B-D238CA1BCF6E}"
EndProject
Project("{FAE04EC0-301F-11D3-BF4B-00C04F79EFBC}") = "CleanArchitecture.Querying", "src\Integration\CleanArchitecture.Querying\CleanArchitecture.Querying.csproj", "{4996B7CA-8C2F-436D-AB42-2D55347C3256}"
EndProject
Project("{FAE04EC0-301F-11D3-BF4B-00C04F79EFBC}") = "CleanArchitecture.Scheduling", "src\Integration\CleanArchitecture.Scheduling\CleanArchitecture.Scheduling.csproj", "{37944B51-F97A-4371-9FED-6C3E7149D127}"
EndProject
Project("{FAE04EC0-301F-11D3-BF4B-00C04F79EFBC}") = "CleanArchitecture.ProcessManager", "src\Integration\CleanArchitecture.ProcessManager\CleanArchitecture.ProcessManager.csproj", "{74158D0A-11FF-478E-8FF3-72294FBB5479}"
EndProject
Project("{2150E333-8FDC-42A3-9474-1A3956D46DE8}") = "Modules", "Modules", "{D8C3E0DC-5BC2-4E7A-A403-BDD044E3441B}"
EndProject
Project("{FAE04EC0-301F-11D3-BF4B-00C04F79EFBC}") = "CleanArchitecture.Ordering.Domain", "src\Modules\Ordering\CleanArchitecture.Ordering.Domain\CleanArchitecture.Ordering.Domain.csproj", "{E6AECB67-7E86-450E-A9E6-72E00BCC9DBA}"
EndProject
Project("{FAE04EC0-301F-11D3-BF4B-00C04F79EFBC}") = "CleanArchitecture.Ordering.Domain.Services", "src\Modules\Ordering\CleanArchitecture.Ordering.Domain.Services\CleanArchitecture.Ordering.Domain.Services.csproj", "{59C84DC2-0FD2-4473-ACFB-1630D7F6F239}"
EndProject
Project("{FAE04EC0-301F-11D3-BF4B-00C04F79EFBC}") = "CleanArchitecture.Ordering.Persistence", "src\Modules\Ordering\CleanArchitecture.Ordering.Persistence\CleanArchitecture.Ordering.Persistence.csproj", "{5F9430E5-7423-4BB5-A66C-1B69D775319B}"
EndProject
Project("{FAE04EC0-301F-11D3-BF4B-00C04F79EFBC}") = "CleanArchitecture.Ordering.Queries.Contract", "src\Modules\Ordering\CleanArchitecture.Ordering.Queries.Contract\CleanArchitecture.Ordering.Queries.Contract.csproj", "{49763CAF-FA34-41D2-9A01-64F3D6AFFBD2}"
EndProject
Project("{FAE04EC0-301F-11D3-BF4B-00C04F79EFBC}") = "CleanArchitecture.Ordering.Queries.Handlers", "src\Modules\Ordering\CleanArchitecture.Ordering.Queries.Handlers\CleanArchitecture.Ordering.Queries.Handlers.csproj", "{7E5ED1D9-16E3-4631-8D62-ED12E5C46D01}"
EndProject
Project("{FAE04EC0-301F-11D3-BF4B-00C04F79EFBC}") = "CleanArchitecture.Ordering.Commands.Contract", "src\Modules\Ordering\CleanArchitecture.Ordering.Commands.Contract\CleanArchitecture.Ordering.Commands.Contract.csproj", "{B3D626F2-42D6-49FF-8689-AF6448AD2E91}"
EndProject
Project("{FAE04EC0-301F-11D3-BF4B-00C04F79EFBC}") = "CleanArchitecture.Ordering.Commands.Handlers", "src\Modules\Ordering\CleanArchitecture.Ordering.Commands.Handlers\CleanArchitecture.Ordering.Commands.Handlers.csproj", "{7936EBCF-5E0F-4CF6-8144-93854E3A4EAB}"
EndProject
Project("{FAE04EC0-301F-11D3-BF4B-00C04F79EFBC}") = "CleanArchitecture.Ordering.Application", "src\Modules\Ordering\CleanArchitecture.Ordering.Application\CleanArchitecture.Ordering.Application.csproj", "{B2F915A3-35FF-4AC9-88C7-D54B9FB1189C}"
EndProject
Project("{FAE04EC0-301F-11D3-BF4B-00C04F79EFBC}") = "CleanArchitecture.Ordering.Application.Cap.Subscribers", "src\Modules\Ordering\CleanArchitecture.Ordering.Application.Cap.Subscribers\CleanArchitecture.Ordering.Application.Cap.Subscribers.csproj", "{98097B9E-094D-4D18-AF8D-2D349199A300}"
EndProject
Project("{FAE04EC0-301F-11D3-BF4B-00C04F79EFBC}") = "CleanArchitecture.Ordering.Application.MassTransit.Consumers", "src\Modules\Ordering\CleanArchitecture.Ordering.Application.MassTransit.Consumers\CleanArchitecture.Ordering.Application.MassTransit.Consumers.csproj", "{983D7D72-DDCF-4E37-B8F2-C573BF47DE4F}"
EndProject
Project("{2150E333-8FDC-42A3-9474-1A3956D46DE8}") = "Ordering", "Ordering", "{55FA89C7-CAF1-4D86-9BCD-87C776041011}"
EndProject
Project("{FAE04EC0-301F-11D3-BF4B-00C04F79EFBC}") = "CleanArchitecture.Exceptions", "src\Shared\CleanArchitecture.Exceptions\CleanArchitecture.Exceptions.csproj", "{3EF539D1-8049-4363-9734-712489475427}"
EndProject
Project("{FAE04EC0-301F-11D3-BF4B-00C04F79EFBC}") = "Framework.Specification", "src\Framework\Framework.Specification\Framework.Specification.csproj", "{B35129A9-4CEC-4316-83AD-ADE85151AFB5}"
EndProject
Project("{FAE04EC0-301F-11D3-BF4B-00C04F79EFBC}") = "Framework.Mediator.Abstractions", "src\Framework\Framework.Mediator.Abstractions\Framework.Mediator.Abstractions.csproj", "{1DDA15FC-E7D3-4B7B-87E2-A1EBB52244FE}"
EndProject
Project("{FAE04EC0-301F-11D3-BF4B-00C04F79EFBC}") = "Framework.Results.Abstractions", "src\Framework\Framework.Results.Abstractions\Framework.Results.Abstractions.csproj", "{4FEA6A06-FD4E-43FA-8690-421398C2F9D7}"
EndProject
Project("{FAE04EC0-301F-11D3-BF4B-00C04F79EFBC}") = "CleanArchitecture.Ordering.IntegrationEvents", "src\Modules\Ordering\CleanArchitecture.Ordering.IntegrationEvents\CleanArchitecture.Ordering.IntegrationEvents.csproj", "{799C1997-8C16-47BC-B968-CC9D2DEB6064}"
EndProject
Project("{FAE04EC0-301F-11D3-BF4B-00C04F79EFBC}") = "CleanArchitecture.Ordering.Commands.Requests", "src\Modules\Ordering\CleanArchitecture.Ordering.Commands.Requests\CleanArchitecture.Ordering.Commands.Requests.csproj", "{E7643EC1-BE4E-44A0-A769-989AF34306BD}"
EndProject
Project("{FAE04EC0-301F-11D3-BF4B-00C04F79EFBC}") = "CleanArchitecture.Ordering.Queries.Requests", "src\Modules\Ordering\CleanArchitecture.Ordering.Queries.Requests\CleanArchitecture.Ordering.Queries.Requests.csproj", "{37B63D8B-5969-4074-AA06-7B116835FAA7}"
EndProject
Global
	GlobalSection(SolutionConfigurationPlatforms) = preSolution
		Debug|Any CPU = Debug|Any CPU
		Release|Any CPU = Release|Any CPU
	EndGlobalSection
	GlobalSection(ProjectConfigurationPlatforms) = postSolution
		{FE7790BF-266F-412C-A7F3-8D6859804B1B}.Debug|Any CPU.ActiveCfg = Debug|Any CPU
		{FE7790BF-266F-412C-A7F3-8D6859804B1B}.Debug|Any CPU.Build.0 = Debug|Any CPU
		{FE7790BF-266F-412C-A7F3-8D6859804B1B}.Release|Any CPU.ActiveCfg = Release|Any CPU
		{FE7790BF-266F-412C-A7F3-8D6859804B1B}.Release|Any CPU.Build.0 = Release|Any CPU
		{A8A27005-81A3-4656-82AB-10A231C7E044}.Debug|Any CPU.ActiveCfg = Debug|Any CPU
		{A8A27005-81A3-4656-82AB-10A231C7E044}.Debug|Any CPU.Build.0 = Debug|Any CPU
		{A8A27005-81A3-4656-82AB-10A231C7E044}.Release|Any CPU.ActiveCfg = Release|Any CPU
		{A8A27005-81A3-4656-82AB-10A231C7E044}.Release|Any CPU.Build.0 = Release|Any CPU
		{BEA60A5E-84F4-4120-BD28-A1D09F04DE87}.Debug|Any CPU.ActiveCfg = Debug|Any CPU
		{BEA60A5E-84F4-4120-BD28-A1D09F04DE87}.Debug|Any CPU.Build.0 = Debug|Any CPU
		{BEA60A5E-84F4-4120-BD28-A1D09F04DE87}.Release|Any CPU.ActiveCfg = Release|Any CPU
		{BEA60A5E-84F4-4120-BD28-A1D09F04DE87}.Release|Any CPU.Build.0 = Release|Any CPU
		{0AC35F4F-7B34-4DFB-975F-13C11F4D5C9B}.Debug|Any CPU.ActiveCfg = Debug|Any CPU
		{0AC35F4F-7B34-4DFB-975F-13C11F4D5C9B}.Debug|Any CPU.Build.0 = Debug|Any CPU
		{0AC35F4F-7B34-4DFB-975F-13C11F4D5C9B}.Release|Any CPU.ActiveCfg = Release|Any CPU
		{0AC35F4F-7B34-4DFB-975F-13C11F4D5C9B}.Release|Any CPU.Build.0 = Release|Any CPU
		{8D7967C9-B774-493B-B3C5-DF711F31326C}.Debug|Any CPU.ActiveCfg = Debug|Any CPU
		{8D7967C9-B774-493B-B3C5-DF711F31326C}.Debug|Any CPU.Build.0 = Debug|Any CPU
		{8D7967C9-B774-493B-B3C5-DF711F31326C}.Release|Any CPU.ActiveCfg = Release|Any CPU
		{8D7967C9-B774-493B-B3C5-DF711F31326C}.Release|Any CPU.Build.0 = Release|Any CPU
		{B77D19DF-71FF-4FD1-BA49-BDEB3A8F01E4}.Debug|Any CPU.ActiveCfg = Debug|Any CPU
		{B77D19DF-71FF-4FD1-BA49-BDEB3A8F01E4}.Debug|Any CPU.Build.0 = Debug|Any CPU
		{B77D19DF-71FF-4FD1-BA49-BDEB3A8F01E4}.Release|Any CPU.ActiveCfg = Release|Any CPU
		{B77D19DF-71FF-4FD1-BA49-BDEB3A8F01E4}.Release|Any CPU.Build.0 = Release|Any CPU
		{B54DC689-DE62-427E-A2C9-AA3993A709E7}.Debug|Any CPU.ActiveCfg = Debug|Any CPU
		{B54DC689-DE62-427E-A2C9-AA3993A709E7}.Debug|Any CPU.Build.0 = Debug|Any CPU
		{B54DC689-DE62-427E-A2C9-AA3993A709E7}.Release|Any CPU.ActiveCfg = Release|Any CPU
		{B54DC689-DE62-427E-A2C9-AA3993A709E7}.Release|Any CPU.Build.0 = Release|Any CPU
		{5C4F320F-116D-4BEF-B04C-BC76873BE854}.Debug|Any CPU.ActiveCfg = Debug|Any CPU
		{5C4F320F-116D-4BEF-B04C-BC76873BE854}.Debug|Any CPU.Build.0 = Debug|Any CPU
		{5C4F320F-116D-4BEF-B04C-BC76873BE854}.Release|Any CPU.ActiveCfg = Release|Any CPU
		{5C4F320F-116D-4BEF-B04C-BC76873BE854}.Release|Any CPU.Build.0 = Release|Any CPU
		{4086791F-E98F-4C8F-A5FD-A34CA1880883}.Debug|Any CPU.ActiveCfg = Debug|Any CPU
		{4086791F-E98F-4C8F-A5FD-A34CA1880883}.Debug|Any CPU.Build.0 = Debug|Any CPU
		{4086791F-E98F-4C8F-A5FD-A34CA1880883}.Release|Any CPU.ActiveCfg = Release|Any CPU
		{4086791F-E98F-4C8F-A5FD-A34CA1880883}.Release|Any CPU.Build.0 = Release|Any CPU
		{A935A5A9-BF00-43CC-A4E6-270873F61988}.Debug|Any CPU.ActiveCfg = Debug|Any CPU
		{A935A5A9-BF00-43CC-A4E6-270873F61988}.Debug|Any CPU.Build.0 = Debug|Any CPU
		{A935A5A9-BF00-43CC-A4E6-270873F61988}.Release|Any CPU.ActiveCfg = Release|Any CPU
		{A935A5A9-BF00-43CC-A4E6-270873F61988}.Release|Any CPU.Build.0 = Release|Any CPU
		{86D6EA56-1791-4709-A0EF-677DD02D47B4}.Debug|Any CPU.ActiveCfg = Debug|Any CPU
		{86D6EA56-1791-4709-A0EF-677DD02D47B4}.Debug|Any CPU.Build.0 = Debug|Any CPU
		{86D6EA56-1791-4709-A0EF-677DD02D47B4}.Release|Any CPU.ActiveCfg = Release|Any CPU
		{86D6EA56-1791-4709-A0EF-677DD02D47B4}.Release|Any CPU.Build.0 = Release|Any CPU
		{602C3060-6776-44F8-BB64-54B0E0D87137}.Debug|Any CPU.ActiveCfg = Debug|Any CPU
		{602C3060-6776-44F8-BB64-54B0E0D87137}.Debug|Any CPU.Build.0 = Debug|Any CPU
		{602C3060-6776-44F8-BB64-54B0E0D87137}.Release|Any CPU.ActiveCfg = Release|Any CPU
		{602C3060-6776-44F8-BB64-54B0E0D87137}.Release|Any CPU.Build.0 = Release|Any CPU
		{0004DFDF-ACDE-4484-BA2F-FA213D37B92B}.Debug|Any CPU.ActiveCfg = Debug|Any CPU
		{0004DFDF-ACDE-4484-BA2F-FA213D37B92B}.Debug|Any CPU.Build.0 = Debug|Any CPU
		{0004DFDF-ACDE-4484-BA2F-FA213D37B92B}.Release|Any CPU.ActiveCfg = Release|Any CPU
		{0004DFDF-ACDE-4484-BA2F-FA213D37B92B}.Release|Any CPU.Build.0 = Release|Any CPU
		{B8A9772C-087D-443D-8C6E-4C3F49B39A78}.Debug|Any CPU.ActiveCfg = Debug|Any CPU
		{B8A9772C-087D-443D-8C6E-4C3F49B39A78}.Debug|Any CPU.Build.0 = Debug|Any CPU
		{B8A9772C-087D-443D-8C6E-4C3F49B39A78}.Release|Any CPU.ActiveCfg = Release|Any CPU
		{B8A9772C-087D-443D-8C6E-4C3F49B39A78}.Release|Any CPU.Build.0 = Release|Any CPU
		{67BD16BF-0A6E-4D91-BBAC-1DCE66D018DC}.Debug|Any CPU.ActiveCfg = Debug|Any CPU
		{67BD16BF-0A6E-4D91-BBAC-1DCE66D018DC}.Debug|Any CPU.Build.0 = Debug|Any CPU
		{67BD16BF-0A6E-4D91-BBAC-1DCE66D018DC}.Release|Any CPU.ActiveCfg = Release|Any CPU
		{67BD16BF-0A6E-4D91-BBAC-1DCE66D018DC}.Release|Any CPU.Build.0 = Release|Any CPU
		{26D7E37D-69E3-4FDC-AFCE-4F0080BEDF09}.Debug|Any CPU.ActiveCfg = Debug|Any CPU
		{26D7E37D-69E3-4FDC-AFCE-4F0080BEDF09}.Debug|Any CPU.Build.0 = Debug|Any CPU
		{26D7E37D-69E3-4FDC-AFCE-4F0080BEDF09}.Release|Any CPU.ActiveCfg = Release|Any CPU
		{26D7E37D-69E3-4FDC-AFCE-4F0080BEDF09}.Release|Any CPU.Build.0 = Release|Any CPU
		{4F814755-FF7E-417A-81C3-73C00F24755D}.Debug|Any CPU.ActiveCfg = Debug|Any CPU
		{4F814755-FF7E-417A-81C3-73C00F24755D}.Debug|Any CPU.Build.0 = Debug|Any CPU
		{4F814755-FF7E-417A-81C3-73C00F24755D}.Release|Any CPU.ActiveCfg = Release|Any CPU
		{4F814755-FF7E-417A-81C3-73C00F24755D}.Release|Any CPU.Build.0 = Release|Any CPU
		{799E96B2-1FEA-4383-BB7D-DA499D9F002F}.Debug|Any CPU.ActiveCfg = Debug|Any CPU
		{799E96B2-1FEA-4383-BB7D-DA499D9F002F}.Debug|Any CPU.Build.0 = Debug|Any CPU
		{799E96B2-1FEA-4383-BB7D-DA499D9F002F}.Release|Any CPU.ActiveCfg = Release|Any CPU
		{799E96B2-1FEA-4383-BB7D-DA499D9F002F}.Release|Any CPU.Build.0 = Release|Any CPU
		{B5A0CD2B-AD29-4F2A-A420-4F96406B9F78}.Debug|Any CPU.ActiveCfg = Debug|Any CPU
		{B5A0CD2B-AD29-4F2A-A420-4F96406B9F78}.Debug|Any CPU.Build.0 = Debug|Any CPU
		{B5A0CD2B-AD29-4F2A-A420-4F96406B9F78}.Release|Any CPU.ActiveCfg = Release|Any CPU
		{B5A0CD2B-AD29-4F2A-A420-4F96406B9F78}.Release|Any CPU.Build.0 = Release|Any CPU
		{C430C7F0-13B6-4499-A134-270054BCFB6A}.Debug|Any CPU.ActiveCfg = Debug|Any CPU
		{C430C7F0-13B6-4499-A134-270054BCFB6A}.Debug|Any CPU.Build.0 = Debug|Any CPU
		{C430C7F0-13B6-4499-A134-270054BCFB6A}.Release|Any CPU.ActiveCfg = Release|Any CPU
		{C430C7F0-13B6-4499-A134-270054BCFB6A}.Release|Any CPU.Build.0 = Release|Any CPU
		{5D2F8906-4BC5-4D5C-A0C8-54E157681DF1}.Debug|Any CPU.ActiveCfg = Debug|Any CPU
		{5D2F8906-4BC5-4D5C-A0C8-54E157681DF1}.Debug|Any CPU.Build.0 = Debug|Any CPU
		{5D2F8906-4BC5-4D5C-A0C8-54E157681DF1}.Release|Any CPU.ActiveCfg = Release|Any CPU
		{5D2F8906-4BC5-4D5C-A0C8-54E157681DF1}.Release|Any CPU.Build.0 = Release|Any CPU
		{B3AEE2C4-1205-41B3-A971-86A353A9C0DB}.Debug|Any CPU.ActiveCfg = Debug|Any CPU
		{B3AEE2C4-1205-41B3-A971-86A353A9C0DB}.Debug|Any CPU.Build.0 = Debug|Any CPU
		{B3AEE2C4-1205-41B3-A971-86A353A9C0DB}.Release|Any CPU.ActiveCfg = Release|Any CPU
		{B3AEE2C4-1205-41B3-A971-86A353A9C0DB}.Release|Any CPU.Build.0 = Release|Any CPU
		{6039D7A0-942A-4A59-B9A0-936167205D55}.Debug|Any CPU.ActiveCfg = Debug|Any CPU
		{6039D7A0-942A-4A59-B9A0-936167205D55}.Debug|Any CPU.Build.0 = Debug|Any CPU
		{6039D7A0-942A-4A59-B9A0-936167205D55}.Release|Any CPU.ActiveCfg = Release|Any CPU
		{6039D7A0-942A-4A59-B9A0-936167205D55}.Release|Any CPU.Build.0 = Release|Any CPU
		{AF90DCE1-CFAD-4046-B728-4FA809DA36DA}.Debug|Any CPU.ActiveCfg = Debug|Any CPU
		{AF90DCE1-CFAD-4046-B728-4FA809DA36DA}.Debug|Any CPU.Build.0 = Debug|Any CPU
		{AF90DCE1-CFAD-4046-B728-4FA809DA36DA}.Release|Any CPU.ActiveCfg = Release|Any CPU
		{AF90DCE1-CFAD-4046-B728-4FA809DA36DA}.Release|Any CPU.Build.0 = Release|Any CPU
		{1C84BC98-6919-4130-A818-91936086D2B0}.Debug|Any CPU.ActiveCfg = Debug|Any CPU
		{1C84BC98-6919-4130-A818-91936086D2B0}.Debug|Any CPU.Build.0 = Debug|Any CPU
		{1C84BC98-6919-4130-A818-91936086D2B0}.Release|Any CPU.ActiveCfg = Release|Any CPU
		{1C84BC98-6919-4130-A818-91936086D2B0}.Release|Any CPU.Build.0 = Release|Any CPU
		{3F632F11-0F77-4AAC-9420-388D259559E4}.Debug|Any CPU.ActiveCfg = Debug|Any CPU
		{3F632F11-0F77-4AAC-9420-388D259559E4}.Debug|Any CPU.Build.0 = Debug|Any CPU
		{3F632F11-0F77-4AAC-9420-388D259559E4}.Release|Any CPU.ActiveCfg = Release|Any CPU
		{3F632F11-0F77-4AAC-9420-388D259559E4}.Release|Any CPU.Build.0 = Release|Any CPU
		{3D2FBBB7-C079-4C1C-801A-24B40C947C4C}.Debug|Any CPU.ActiveCfg = Debug|Any CPU
		{3D2FBBB7-C079-4C1C-801A-24B40C947C4C}.Debug|Any CPU.Build.0 = Debug|Any CPU
		{3D2FBBB7-C079-4C1C-801A-24B40C947C4C}.Release|Any CPU.ActiveCfg = Release|Any CPU
		{3D2FBBB7-C079-4C1C-801A-24B40C947C4C}.Release|Any CPU.Build.0 = Release|Any CPU
		{80F22B23-FEDE-46CE-8630-95BACC8A5F5A}.Debug|Any CPU.ActiveCfg = Debug|Any CPU
		{80F22B23-FEDE-46CE-8630-95BACC8A5F5A}.Debug|Any CPU.Build.0 = Debug|Any CPU
		{80F22B23-FEDE-46CE-8630-95BACC8A5F5A}.Release|Any CPU.ActiveCfg = Release|Any CPU
		{80F22B23-FEDE-46CE-8630-95BACC8A5F5A}.Release|Any CPU.Build.0 = Release|Any CPU
		{AB36E42D-EFEE-4CFB-8AB5-C1FD3DE56D6E}.Debug|Any CPU.ActiveCfg = Debug|Any CPU
		{AB36E42D-EFEE-4CFB-8AB5-C1FD3DE56D6E}.Debug|Any CPU.Build.0 = Debug|Any CPU
		{AB36E42D-EFEE-4CFB-8AB5-C1FD3DE56D6E}.Release|Any CPU.ActiveCfg = Release|Any CPU
		{AB36E42D-EFEE-4CFB-8AB5-C1FD3DE56D6E}.Release|Any CPU.Build.0 = Release|Any CPU
		{A51D03B5-9326-4505-A645-583A4FE665D6}.Debug|Any CPU.ActiveCfg = Debug|Any CPU
		{A51D03B5-9326-4505-A645-583A4FE665D6}.Debug|Any CPU.Build.0 = Debug|Any CPU
		{A51D03B5-9326-4505-A645-583A4FE665D6}.Release|Any CPU.ActiveCfg = Release|Any CPU
		{A51D03B5-9326-4505-A645-583A4FE665D6}.Release|Any CPU.Build.0 = Release|Any CPU
		{E037580B-B461-43C8-994B-6A756F31287E}.Debug|Any CPU.ActiveCfg = Debug|Any CPU
		{E037580B-B461-43C8-994B-6A756F31287E}.Debug|Any CPU.Build.0 = Debug|Any CPU
		{E037580B-B461-43C8-994B-6A756F31287E}.Release|Any CPU.ActiveCfg = Release|Any CPU
		{E037580B-B461-43C8-994B-6A756F31287E}.Release|Any CPU.Build.0 = Release|Any CPU
		{E98308C3-C2C9-47E3-97BF-7CEBA2720A10}.Debug|Any CPU.ActiveCfg = Debug|Any CPU
		{E98308C3-C2C9-47E3-97BF-7CEBA2720A10}.Debug|Any CPU.Build.0 = Debug|Any CPU
		{E98308C3-C2C9-47E3-97BF-7CEBA2720A10}.Release|Any CPU.ActiveCfg = Release|Any CPU
		{E98308C3-C2C9-47E3-97BF-7CEBA2720A10}.Release|Any CPU.Build.0 = Release|Any CPU
		{333FBA94-AA9E-484E-ACE7-55F27AA6415F}.Debug|Any CPU.ActiveCfg = Debug|Any CPU
		{333FBA94-AA9E-484E-ACE7-55F27AA6415F}.Debug|Any CPU.Build.0 = Debug|Any CPU
		{333FBA94-AA9E-484E-ACE7-55F27AA6415F}.Release|Any CPU.ActiveCfg = Release|Any CPU
		{333FBA94-AA9E-484E-ACE7-55F27AA6415F}.Release|Any CPU.Build.0 = Release|Any CPU
		{E8CA8CEC-15FA-4039-B53E-E08339D3A210}.Debug|Any CPU.ActiveCfg = Debug|Any CPU
		{E8CA8CEC-15FA-4039-B53E-E08339D3A210}.Debug|Any CPU.Build.0 = Debug|Any CPU
		{E8CA8CEC-15FA-4039-B53E-E08339D3A210}.Release|Any CPU.ActiveCfg = Release|Any CPU
		{E8CA8CEC-15FA-4039-B53E-E08339D3A210}.Release|Any CPU.Build.0 = Release|Any CPU
		{ED6DF0D4-CD5D-4FBF-9E71-C6A93D50F4CA}.Debug|Any CPU.ActiveCfg = Debug|Any CPU
		{ED6DF0D4-CD5D-4FBF-9E71-C6A93D50F4CA}.Debug|Any CPU.Build.0 = Debug|Any CPU
		{ED6DF0D4-CD5D-4FBF-9E71-C6A93D50F4CA}.Release|Any CPU.ActiveCfg = Release|Any CPU
		{ED6DF0D4-CD5D-4FBF-9E71-C6A93D50F4CA}.Release|Any CPU.Build.0 = Release|Any CPU
		{EACB7424-17EC-403E-BA37-637F22BAC832}.Debug|Any CPU.ActiveCfg = Debug|Any CPU
		{EACB7424-17EC-403E-BA37-637F22BAC832}.Debug|Any CPU.Build.0 = Debug|Any CPU
		{EACB7424-17EC-403E-BA37-637F22BAC832}.Release|Any CPU.ActiveCfg = Release|Any CPU
		{EACB7424-17EC-403E-BA37-637F22BAC832}.Release|Any CPU.Build.0 = Release|Any CPU
		{9B1B6BBC-2001-4F23-A1D8-40C391CF5A62}.Debug|Any CPU.ActiveCfg = Debug|Any CPU
		{9B1B6BBC-2001-4F23-A1D8-40C391CF5A62}.Debug|Any CPU.Build.0 = Debug|Any CPU
		{9B1B6BBC-2001-4F23-A1D8-40C391CF5A62}.Release|Any CPU.ActiveCfg = Release|Any CPU
		{9B1B6BBC-2001-4F23-A1D8-40C391CF5A62}.Release|Any CPU.Build.0 = Release|Any CPU
		{0F0AC36D-DF48-4170-B635-5C9B5BC0F469}.Debug|Any CPU.ActiveCfg = Debug|Any CPU
		{0F0AC36D-DF48-4170-B635-5C9B5BC0F469}.Debug|Any CPU.Build.0 = Debug|Any CPU
		{0F0AC36D-DF48-4170-B635-5C9B5BC0F469}.Release|Any CPU.ActiveCfg = Release|Any CPU
		{0F0AC36D-DF48-4170-B635-5C9B5BC0F469}.Release|Any CPU.Build.0 = Release|Any CPU
		{554189DA-AB7A-44F7-9BDB-662421FCD433}.Debug|Any CPU.ActiveCfg = Debug|Any CPU
		{554189DA-AB7A-44F7-9BDB-662421FCD433}.Debug|Any CPU.Build.0 = Debug|Any CPU
		{554189DA-AB7A-44F7-9BDB-662421FCD433}.Release|Any CPU.ActiveCfg = Release|Any CPU
		{554189DA-AB7A-44F7-9BDB-662421FCD433}.Release|Any CPU.Build.0 = Release|Any CPU
		{D7F9DA33-A6CC-4195-9071-A994B96ABA7B}.Debug|Any CPU.ActiveCfg = Debug|Any CPU
		{D7F9DA33-A6CC-4195-9071-A994B96ABA7B}.Debug|Any CPU.Build.0 = Debug|Any CPU
		{D7F9DA33-A6CC-4195-9071-A994B96ABA7B}.Release|Any CPU.ActiveCfg = Release|Any CPU
		{D7F9DA33-A6CC-4195-9071-A994B96ABA7B}.Release|Any CPU.Build.0 = Release|Any CPU
		{F4CE41DA-B79E-4581-92C3-D07A01CBF091}.Debug|Any CPU.ActiveCfg = Debug|Any CPU
		{F4CE41DA-B79E-4581-92C3-D07A01CBF091}.Debug|Any CPU.Build.0 = Debug|Any CPU
		{F4CE41DA-B79E-4581-92C3-D07A01CBF091}.Release|Any CPU.ActiveCfg = Release|Any CPU
		{F4CE41DA-B79E-4581-92C3-D07A01CBF091}.Release|Any CPU.Build.0 = Release|Any CPU
		{1AB5EBAC-37A5-4FD7-8BEC-70F5EFC527BB}.Debug|Any CPU.ActiveCfg = Debug|Any CPU
		{1AB5EBAC-37A5-4FD7-8BEC-70F5EFC527BB}.Debug|Any CPU.Build.0 = Debug|Any CPU
		{1AB5EBAC-37A5-4FD7-8BEC-70F5EFC527BB}.Release|Any CPU.ActiveCfg = Release|Any CPU
		{1AB5EBAC-37A5-4FD7-8BEC-70F5EFC527BB}.Release|Any CPU.Build.0 = Release|Any CPU
		{DF819600-174E-4F63-AD01-E8C00BECD81C}.Debug|Any CPU.ActiveCfg = Debug|Any CPU
		{DF819600-174E-4F63-AD01-E8C00BECD81C}.Debug|Any CPU.Build.0 = Debug|Any CPU
		{DF819600-174E-4F63-AD01-E8C00BECD81C}.Release|Any CPU.ActiveCfg = Release|Any CPU
		{DF819600-174E-4F63-AD01-E8C00BECD81C}.Release|Any CPU.Build.0 = Release|Any CPU
		{88FBFF9D-FD90-4DFF-B4C7-09AB33E2B1DC}.Debug|Any CPU.ActiveCfg = Debug|Any CPU
		{88FBFF9D-FD90-4DFF-B4C7-09AB33E2B1DC}.Debug|Any CPU.Build.0 = Debug|Any CPU
		{88FBFF9D-FD90-4DFF-B4C7-09AB33E2B1DC}.Release|Any CPU.ActiveCfg = Release|Any CPU
		{88FBFF9D-FD90-4DFF-B4C7-09AB33E2B1DC}.Release|Any CPU.Build.0 = Release|Any CPU
		{96F85FCA-6C27-4D2B-AFC2-130CA6E17F21}.Debug|Any CPU.ActiveCfg = Debug|Any CPU
		{96F85FCA-6C27-4D2B-AFC2-130CA6E17F21}.Debug|Any CPU.Build.0 = Debug|Any CPU
		{96F85FCA-6C27-4D2B-AFC2-130CA6E17F21}.Release|Any CPU.ActiveCfg = Release|Any CPU
		{96F85FCA-6C27-4D2B-AFC2-130CA6E17F21}.Release|Any CPU.Build.0 = Release|Any CPU
		{9F933D07-55DF-4B5B-9B4B-D238CA1BCF6E}.Debug|Any CPU.ActiveCfg = Debug|Any CPU
		{9F933D07-55DF-4B5B-9B4B-D238CA1BCF6E}.Debug|Any CPU.Build.0 = Debug|Any CPU
		{9F933D07-55DF-4B5B-9B4B-D238CA1BCF6E}.Release|Any CPU.ActiveCfg = Release|Any CPU
		{9F933D07-55DF-4B5B-9B4B-D238CA1BCF6E}.Release|Any CPU.Build.0 = Release|Any CPU
		{4996B7CA-8C2F-436D-AB42-2D55347C3256}.Debug|Any CPU.ActiveCfg = Debug|Any CPU
		{4996B7CA-8C2F-436D-AB42-2D55347C3256}.Debug|Any CPU.Build.0 = Debug|Any CPU
		{4996B7CA-8C2F-436D-AB42-2D55347C3256}.Release|Any CPU.ActiveCfg = Release|Any CPU
		{4996B7CA-8C2F-436D-AB42-2D55347C3256}.Release|Any CPU.Build.0 = Release|Any CPU
		{37944B51-F97A-4371-9FED-6C3E7149D127}.Debug|Any CPU.ActiveCfg = Debug|Any CPU
		{37944B51-F97A-4371-9FED-6C3E7149D127}.Debug|Any CPU.Build.0 = Debug|Any CPU
		{37944B51-F97A-4371-9FED-6C3E7149D127}.Release|Any CPU.ActiveCfg = Release|Any CPU
		{37944B51-F97A-4371-9FED-6C3E7149D127}.Release|Any CPU.Build.0 = Release|Any CPU
		{74158D0A-11FF-478E-8FF3-72294FBB5479}.Debug|Any CPU.ActiveCfg = Debug|Any CPU
		{74158D0A-11FF-478E-8FF3-72294FBB5479}.Debug|Any CPU.Build.0 = Debug|Any CPU
		{74158D0A-11FF-478E-8FF3-72294FBB5479}.Release|Any CPU.ActiveCfg = Release|Any CPU
		{74158D0A-11FF-478E-8FF3-72294FBB5479}.Release|Any CPU.Build.0 = Release|Any CPU
		{E6AECB67-7E86-450E-A9E6-72E00BCC9DBA}.Debug|Any CPU.ActiveCfg = Debug|Any CPU
		{E6AECB67-7E86-450E-A9E6-72E00BCC9DBA}.Debug|Any CPU.Build.0 = Debug|Any CPU
		{E6AECB67-7E86-450E-A9E6-72E00BCC9DBA}.Release|Any CPU.ActiveCfg = Release|Any CPU
		{E6AECB67-7E86-450E-A9E6-72E00BCC9DBA}.Release|Any CPU.Build.0 = Release|Any CPU
		{59C84DC2-0FD2-4473-ACFB-1630D7F6F239}.Debug|Any CPU.ActiveCfg = Debug|Any CPU
		{59C84DC2-0FD2-4473-ACFB-1630D7F6F239}.Debug|Any CPU.Build.0 = Debug|Any CPU
		{59C84DC2-0FD2-4473-ACFB-1630D7F6F239}.Release|Any CPU.ActiveCfg = Release|Any CPU
		{59C84DC2-0FD2-4473-ACFB-1630D7F6F239}.Release|Any CPU.Build.0 = Release|Any CPU
		{5F9430E5-7423-4BB5-A66C-1B69D775319B}.Debug|Any CPU.ActiveCfg = Debug|Any CPU
		{5F9430E5-7423-4BB5-A66C-1B69D775319B}.Debug|Any CPU.Build.0 = Debug|Any CPU
		{5F9430E5-7423-4BB5-A66C-1B69D775319B}.Release|Any CPU.ActiveCfg = Release|Any CPU
		{5F9430E5-7423-4BB5-A66C-1B69D775319B}.Release|Any CPU.Build.0 = Release|Any CPU
		{49763CAF-FA34-41D2-9A01-64F3D6AFFBD2}.Debug|Any CPU.ActiveCfg = Debug|Any CPU
		{49763CAF-FA34-41D2-9A01-64F3D6AFFBD2}.Debug|Any CPU.Build.0 = Debug|Any CPU
		{49763CAF-FA34-41D2-9A01-64F3D6AFFBD2}.Release|Any CPU.ActiveCfg = Release|Any CPU
		{49763CAF-FA34-41D2-9A01-64F3D6AFFBD2}.Release|Any CPU.Build.0 = Release|Any CPU
		{7E5ED1D9-16E3-4631-8D62-ED12E5C46D01}.Debug|Any CPU.ActiveCfg = Debug|Any CPU
		{7E5ED1D9-16E3-4631-8D62-ED12E5C46D01}.Debug|Any CPU.Build.0 = Debug|Any CPU
		{7E5ED1D9-16E3-4631-8D62-ED12E5C46D01}.Release|Any CPU.ActiveCfg = Release|Any CPU
		{7E5ED1D9-16E3-4631-8D62-ED12E5C46D01}.Release|Any CPU.Build.0 = Release|Any CPU
		{B3D626F2-42D6-49FF-8689-AF6448AD2E91}.Debug|Any CPU.ActiveCfg = Debug|Any CPU
		{B3D626F2-42D6-49FF-8689-AF6448AD2E91}.Debug|Any CPU.Build.0 = Debug|Any CPU
		{B3D626F2-42D6-49FF-8689-AF6448AD2E91}.Release|Any CPU.ActiveCfg = Release|Any CPU
		{B3D626F2-42D6-49FF-8689-AF6448AD2E91}.Release|Any CPU.Build.0 = Release|Any CPU
		{7936EBCF-5E0F-4CF6-8144-93854E3A4EAB}.Debug|Any CPU.ActiveCfg = Debug|Any CPU
		{7936EBCF-5E0F-4CF6-8144-93854E3A4EAB}.Debug|Any CPU.Build.0 = Debug|Any CPU
		{7936EBCF-5E0F-4CF6-8144-93854E3A4EAB}.Release|Any CPU.ActiveCfg = Release|Any CPU
		{7936EBCF-5E0F-4CF6-8144-93854E3A4EAB}.Release|Any CPU.Build.0 = Release|Any CPU
		{B2F915A3-35FF-4AC9-88C7-D54B9FB1189C}.Debug|Any CPU.ActiveCfg = Debug|Any CPU
		{B2F915A3-35FF-4AC9-88C7-D54B9FB1189C}.Debug|Any CPU.Build.0 = Debug|Any CPU
		{B2F915A3-35FF-4AC9-88C7-D54B9FB1189C}.Release|Any CPU.ActiveCfg = Release|Any CPU
		{B2F915A3-35FF-4AC9-88C7-D54B9FB1189C}.Release|Any CPU.Build.0 = Release|Any CPU
		{98097B9E-094D-4D18-AF8D-2D349199A300}.Debug|Any CPU.ActiveCfg = Debug|Any CPU
		{98097B9E-094D-4D18-AF8D-2D349199A300}.Debug|Any CPU.Build.0 = Debug|Any CPU
		{98097B9E-094D-4D18-AF8D-2D349199A300}.Release|Any CPU.ActiveCfg = Release|Any CPU
		{98097B9E-094D-4D18-AF8D-2D349199A300}.Release|Any CPU.Build.0 = Release|Any CPU
		{983D7D72-DDCF-4E37-B8F2-C573BF47DE4F}.Debug|Any CPU.ActiveCfg = Debug|Any CPU
		{983D7D72-DDCF-4E37-B8F2-C573BF47DE4F}.Debug|Any CPU.Build.0 = Debug|Any CPU
		{983D7D72-DDCF-4E37-B8F2-C573BF47DE4F}.Release|Any CPU.ActiveCfg = Release|Any CPU
		{983D7D72-DDCF-4E37-B8F2-C573BF47DE4F}.Release|Any CPU.Build.0 = Release|Any CPU
		{3EF539D1-8049-4363-9734-712489475427}.Debug|Any CPU.ActiveCfg = Debug|Any CPU
		{3EF539D1-8049-4363-9734-712489475427}.Debug|Any CPU.Build.0 = Debug|Any CPU
		{3EF539D1-8049-4363-9734-712489475427}.Release|Any CPU.ActiveCfg = Release|Any CPU
		{3EF539D1-8049-4363-9734-712489475427}.Release|Any CPU.Build.0 = Release|Any CPU
		{B35129A9-4CEC-4316-83AD-ADE85151AFB5}.Debug|Any CPU.ActiveCfg = Debug|Any CPU
		{B35129A9-4CEC-4316-83AD-ADE85151AFB5}.Debug|Any CPU.Build.0 = Debug|Any CPU
		{B35129A9-4CEC-4316-83AD-ADE85151AFB5}.Release|Any CPU.ActiveCfg = Release|Any CPU
		{B35129A9-4CEC-4316-83AD-ADE85151AFB5}.Release|Any CPU.Build.0 = Release|Any CPU
		{1DDA15FC-E7D3-4B7B-87E2-A1EBB52244FE}.Debug|Any CPU.ActiveCfg = Debug|Any CPU
		{1DDA15FC-E7D3-4B7B-87E2-A1EBB52244FE}.Debug|Any CPU.Build.0 = Debug|Any CPU
		{1DDA15FC-E7D3-4B7B-87E2-A1EBB52244FE}.Release|Any CPU.ActiveCfg = Release|Any CPU
		{1DDA15FC-E7D3-4B7B-87E2-A1EBB52244FE}.Release|Any CPU.Build.0 = Release|Any CPU
		{4FEA6A06-FD4E-43FA-8690-421398C2F9D7}.Debug|Any CPU.ActiveCfg = Debug|Any CPU
		{4FEA6A06-FD4E-43FA-8690-421398C2F9D7}.Debug|Any CPU.Build.0 = Debug|Any CPU
		{4FEA6A06-FD4E-43FA-8690-421398C2F9D7}.Release|Any CPU.ActiveCfg = Release|Any CPU
		{4FEA6A06-FD4E-43FA-8690-421398C2F9D7}.Release|Any CPU.Build.0 = Release|Any CPU
		{799C1997-8C16-47BC-B968-CC9D2DEB6064}.Debug|Any CPU.ActiveCfg = Debug|Any CPU
		{799C1997-8C16-47BC-B968-CC9D2DEB6064}.Debug|Any CPU.Build.0 = Debug|Any CPU
		{799C1997-8C16-47BC-B968-CC9D2DEB6064}.Release|Any CPU.ActiveCfg = Release|Any CPU
		{799C1997-8C16-47BC-B968-CC9D2DEB6064}.Release|Any CPU.Build.0 = Release|Any CPU
		{E7643EC1-BE4E-44A0-A769-989AF34306BD}.Debug|Any CPU.ActiveCfg = Debug|Any CPU
		{E7643EC1-BE4E-44A0-A769-989AF34306BD}.Debug|Any CPU.Build.0 = Debug|Any CPU
		{E7643EC1-BE4E-44A0-A769-989AF34306BD}.Release|Any CPU.ActiveCfg = Release|Any CPU
		{E7643EC1-BE4E-44A0-A769-989AF34306BD}.Release|Any CPU.Build.0 = Release|Any CPU
		{37B63D8B-5969-4074-AA06-7B116835FAA7}.Debug|Any CPU.ActiveCfg = Debug|Any CPU
		{37B63D8B-5969-4074-AA06-7B116835FAA7}.Debug|Any CPU.Build.0 = Debug|Any CPU
		{37B63D8B-5969-4074-AA06-7B116835FAA7}.Release|Any CPU.ActiveCfg = Release|Any CPU
		{37B63D8B-5969-4074-AA06-7B116835FAA7}.Release|Any CPU.Build.0 = Release|Any CPU
	EndGlobalSection
	GlobalSection(SolutionProperties) = preSolution
		HideSolutionNode = FALSE
	EndGlobalSection
	GlobalSection(NestedProjects) = preSolution
		{E4395562-331D-4AB0-ABDD-2DD70CC91C77} = {645BA2CF-F2A0-43B8-A133-254CEBDF9051}
		{E53ED460-6792-407B-94D6-077255B18598} = {645BA2CF-F2A0-43B8-A133-254CEBDF9051}
		{581E3197-D5BC-4FF6-9FA6-AB81F3C4A5A6} = {645BA2CF-F2A0-43B8-A133-254CEBDF9051}
		{210D67E1-55AA-43B0-B927-947E688FD16F} = {645BA2CF-F2A0-43B8-A133-254CEBDF9051}
		{FE7790BF-266F-412C-A7F3-8D6859804B1B} = {210D67E1-55AA-43B0-B927-947E688FD16F}
		{A8A27005-81A3-4656-82AB-10A231C7E044} = {210D67E1-55AA-43B0-B927-947E688FD16F}
		{BEA60A5E-84F4-4120-BD28-A1D09F04DE87} = {E4395562-331D-4AB0-ABDD-2DD70CC91C77}
		{0AC35F4F-7B34-4DFB-975F-13C11F4D5C9B} = {E4395562-331D-4AB0-ABDD-2DD70CC91C77}
		{8D7967C9-B774-493B-B3C5-DF711F31326C} = {E4395562-331D-4AB0-ABDD-2DD70CC91C77}
		{B77D19DF-71FF-4FD1-BA49-BDEB3A8F01E4} = {E4395562-331D-4AB0-ABDD-2DD70CC91C77}
		{51FDF113-0819-4AFA-B6FB-E275F95E99AE} = {E53ED460-6792-407B-94D6-077255B18598}
		{B54DC689-DE62-427E-A2C9-AA3993A709E7} = {51FDF113-0819-4AFA-B6FB-E275F95E99AE}
		{5C4F320F-116D-4BEF-B04C-BC76873BE854} = {210D67E1-55AA-43B0-B927-947E688FD16F}
		{4086791F-E98F-4C8F-A5FD-A34CA1880883} = {210D67E1-55AA-43B0-B927-947E688FD16F}
		{A935A5A9-BF00-43CC-A4E6-270873F61988} = {210D67E1-55AA-43B0-B927-947E688FD16F}
		{86D6EA56-1791-4709-A0EF-677DD02D47B4} = {E4395562-331D-4AB0-ABDD-2DD70CC91C77}
		{602C3060-6776-44F8-BB64-54B0E0D87137} = {E4395562-331D-4AB0-ABDD-2DD70CC91C77}
		{0004DFDF-ACDE-4484-BA2F-FA213D37B92B} = {E4395562-331D-4AB0-ABDD-2DD70CC91C77}
		{B8A9772C-087D-443D-8C6E-4C3F49B39A78} = {E4395562-331D-4AB0-ABDD-2DD70CC91C77}
		{67BD16BF-0A6E-4D91-BBAC-1DCE66D018DC} = {E4395562-331D-4AB0-ABDD-2DD70CC91C77}
		{26D7E37D-69E3-4FDC-AFCE-4F0080BEDF09} = {E4395562-331D-4AB0-ABDD-2DD70CC91C77}
		{4F814755-FF7E-417A-81C3-73C00F24755D} = {E4395562-331D-4AB0-ABDD-2DD70CC91C77}
		{799E96B2-1FEA-4383-BB7D-DA499D9F002F} = {E4395562-331D-4AB0-ABDD-2DD70CC91C77}
		{B5A0CD2B-AD29-4F2A-A420-4F96406B9F78} = {E4395562-331D-4AB0-ABDD-2DD70CC91C77}
		{C430C7F0-13B6-4499-A134-270054BCFB6A} = {51FDF113-0819-4AFA-B6FB-E275F95E99AE}
		{5D2F8906-4BC5-4D5C-A0C8-54E157681DF1} = {E4395562-331D-4AB0-ABDD-2DD70CC91C77}
		{B3AEE2C4-1205-41B3-A971-86A353A9C0DB} = {E4395562-331D-4AB0-ABDD-2DD70CC91C77}
		{6039D7A0-942A-4A59-B9A0-936167205D55} = {E4395562-331D-4AB0-ABDD-2DD70CC91C77}
		{AF90DCE1-CFAD-4046-B728-4FA809DA36DA} = {E4395562-331D-4AB0-ABDD-2DD70CC91C77}
		{DA373DF4-3114-4D36-A7ED-85C1B87E796F} = {645BA2CF-F2A0-43B8-A133-254CEBDF9051}
		{1C84BC98-6919-4130-A818-91936086D2B0} = {DA373DF4-3114-4D36-A7ED-85C1B87E796F}
		{3F632F11-0F77-4AAC-9420-388D259559E4} = {581E3197-D5BC-4FF6-9FA6-AB81F3C4A5A6}
		{3D2FBBB7-C079-4C1C-801A-24B40C947C4C} = {581E3197-D5BC-4FF6-9FA6-AB81F3C4A5A6}
		{80F22B23-FEDE-46CE-8630-95BACC8A5F5A} = {E4395562-331D-4AB0-ABDD-2DD70CC91C77}
		{AB36E42D-EFEE-4CFB-8AB5-C1FD3DE56D6E} = {E4395562-331D-4AB0-ABDD-2DD70CC91C77}
		{A51D03B5-9326-4505-A645-583A4FE665D6} = {E4395562-331D-4AB0-ABDD-2DD70CC91C77}
		{E037580B-B461-43C8-994B-6A756F31287E} = {210D67E1-55AA-43B0-B927-947E688FD16F}
		{E98308C3-C2C9-47E3-97BF-7CEBA2720A10} = {DA373DF4-3114-4D36-A7ED-85C1B87E796F}
		{333FBA94-AA9E-484E-ACE7-55F27AA6415F} = {E4395562-331D-4AB0-ABDD-2DD70CC91C77}
		{E8CA8CEC-15FA-4039-B53E-E08339D3A210} = {3C016221-1DE4-4D2C-B251-383FDDD9C71C}
		{ED6DF0D4-CD5D-4FBF-9E71-C6A93D50F4CA} = {DA373DF4-3114-4D36-A7ED-85C1B87E796F}
		{EACB7424-17EC-403E-BA37-637F22BAC832} = {E4395562-331D-4AB0-ABDD-2DD70CC91C77}
		{4947F540-F2DF-49B3-ADA7-B9F0C49803A4} = {E53ED460-6792-407B-94D6-077255B18598}
		{9B1B6BBC-2001-4F23-A1D8-40C391CF5A62} = {4947F540-F2DF-49B3-ADA7-B9F0C49803A4}
		{0F0AC36D-DF48-4170-B635-5C9B5BC0F469} = {DA373DF4-3114-4D36-A7ED-85C1B87E796F}
		{554189DA-AB7A-44F7-9BDB-662421FCD433} = {581E3197-D5BC-4FF6-9FA6-AB81F3C4A5A6}
		{D7F9DA33-A6CC-4195-9071-A994B96ABA7B} = {51FDF113-0819-4AFA-B6FB-E275F95E99AE}
		{F4CE41DA-B79E-4581-92C3-D07A01CBF091} = {E4395562-331D-4AB0-ABDD-2DD70CC91C77}
		{AFA29777-30FF-406D-8404-B6A5EAE89D4C} = {645BA2CF-F2A0-43B8-A133-254CEBDF9051}
		{1AB5EBAC-37A5-4FD7-8BEC-70F5EFC527BB} = {AFA29777-30FF-406D-8404-B6A5EAE89D4C}
		{DF819600-174E-4F63-AD01-E8C00BECD81C} = {AFA29777-30FF-406D-8404-B6A5EAE89D4C}
		{88FBFF9D-FD90-4DFF-B4C7-09AB33E2B1DC} = {AFA29777-30FF-406D-8404-B6A5EAE89D4C}
		{96F85FCA-6C27-4D2B-AFC2-130CA6E17F21} = {AFA29777-30FF-406D-8404-B6A5EAE89D4C}
		{9E942061-9093-4C0A-8B8A-6A18F0B7A9C2} = {645BA2CF-F2A0-43B8-A133-254CEBDF9051}
		{9F933D07-55DF-4B5B-9B4B-D238CA1BCF6E} = {9E942061-9093-4C0A-8B8A-6A18F0B7A9C2}
		{4996B7CA-8C2F-436D-AB42-2D55347C3256} = {9E942061-9093-4C0A-8B8A-6A18F0B7A9C2}
		{37944B51-F97A-4371-9FED-6C3E7149D127} = {9E942061-9093-4C0A-8B8A-6A18F0B7A9C2}
		{74158D0A-11FF-478E-8FF3-72294FBB5479} = {9E942061-9093-4C0A-8B8A-6A18F0B7A9C2}
		{D8C3E0DC-5BC2-4E7A-A403-BDD044E3441B} = {645BA2CF-F2A0-43B8-A133-254CEBDF9051}
		{E6AECB67-7E86-450E-A9E6-72E00BCC9DBA} = {55FA89C7-CAF1-4D86-9BCD-87C776041011}
		{59C84DC2-0FD2-4473-ACFB-1630D7F6F239} = {55FA89C7-CAF1-4D86-9BCD-87C776041011}
		{5F9430E5-7423-4BB5-A66C-1B69D775319B} = {55FA89C7-CAF1-4D86-9BCD-87C776041011}
		{49763CAF-FA34-41D2-9A01-64F3D6AFFBD2} = {55FA89C7-CAF1-4D86-9BCD-87C776041011}
		{7E5ED1D9-16E3-4631-8D62-ED12E5C46D01} = {55FA89C7-CAF1-4D86-9BCD-87C776041011}
		{B3D626F2-42D6-49FF-8689-AF6448AD2E91} = {55FA89C7-CAF1-4D86-9BCD-87C776041011}
		{7936EBCF-5E0F-4CF6-8144-93854E3A4EAB} = {55FA89C7-CAF1-4D86-9BCD-87C776041011}
		{B2F915A3-35FF-4AC9-88C7-D54B9FB1189C} = {55FA89C7-CAF1-4D86-9BCD-87C776041011}
		{98097B9E-094D-4D18-AF8D-2D349199A300} = {55FA89C7-CAF1-4D86-9BCD-87C776041011}
		{983D7D72-DDCF-4E37-B8F2-C573BF47DE4F} = {55FA89C7-CAF1-4D86-9BCD-87C776041011}
		{55FA89C7-CAF1-4D86-9BCD-87C776041011} = {D8C3E0DC-5BC2-4E7A-A403-BDD044E3441B}
		{3EF539D1-8049-4363-9734-712489475427} = {210D67E1-55AA-43B0-B927-947E688FD16F}
		{B35129A9-4CEC-4316-83AD-ADE85151AFB5} = {E4395562-331D-4AB0-ABDD-2DD70CC91C77}
		{1DDA15FC-E7D3-4B7B-87E2-A1EBB52244FE} = {E4395562-331D-4AB0-ABDD-2DD70CC91C77}
		{4FEA6A06-FD4E-43FA-8690-421398C2F9D7} = {E4395562-331D-4AB0-ABDD-2DD70CC91C77}
		{799C1997-8C16-47BC-B968-CC9D2DEB6064} = {55FA89C7-CAF1-4D86-9BCD-87C776041011}
		{E7643EC1-BE4E-44A0-A769-989AF34306BD} = {55FA89C7-CAF1-4D86-9BCD-87C776041011}
		{37B63D8B-5969-4074-AA06-7B116835FAA7} = {55FA89C7-CAF1-4D86-9BCD-87C776041011}
	EndGlobalSection
	GlobalSection(ExtensibilityGlobals) = postSolution
		SolutionGuid = {8A6B9D9F-9E78-4DCF-91D0-51B3C5E404EE}
	EndGlobalSection
EndGlobal
